// !$*UTF8*$!
{
	archiveVersion = 1;
	classes = {
	};
	objectVersion = 77;
	objects = {

/* Begin PBXContainerItemProxy section */
		980DB2B52D52FA2300602617 /* PBXContainerItemProxy */ = {
			isa = PBXContainerItemProxy;
			containerPortal = 980DB2932D52FA2100602617 /* Project object */;
			proxyType = 1;
			remoteGlobalIDString = 980DB29A2D52FA2100602617;
			remoteInfo = ZenTheaSource;
		};
		980DB2BF2D52FA2300602617 /* PBXContainerItemProxy */ = {
			isa = PBXContainerItemProxy;
			containerPortal = 980DB2932D52FA2100602617 /* Project object */;
			proxyType = 1;
			remoteGlobalIDString = 980DB29A2D52FA2100602617;
			remoteInfo = ZenTheaSource;
		};
/* End PBXContainerItemProxy section */

/* Begin PBXFileReference section */
		980DB29B2D52FA2100602617 /* ZenTheaSource.app */ = {isa = PBXFileReference; explicitFileType = wrapper.application; includeInIndex = 0; path = ZenTheaSource.app; sourceTree = BUILT_PRODUCTS_DIR; };
		980DB2B42D52FA2300602617 /* ZenTheaSourceTests.xctest */ = {isa = PBXFileReference; explicitFileType = wrapper.cfbundle; includeInIndex = 0; path = ZenTheaSourceTests.xctest; sourceTree = BUILT_PRODUCTS_DIR; };
		980DB2BE2D52FA2300602617 /* ZenTheaSourceUITests.xctest */ = {isa = PBXFileReference; explicitFileType = wrapper.cfbundle; includeInIndex = 0; path = ZenTheaSourceUITests.xctest; sourceTree = BUILT_PRODUCTS_DIR; };
/* End PBXFileReference section */

/* Begin PBXFileSystemSynchronizedBuildFileExceptionSet section */
		980DB2C62D52FA2300602617 /* Exceptions for "ZenTheaSource" folder in "ZenTheaSource" target */ = {
			isa = PBXFileSystemSynchronizedBuildFileExceptionSet;
			membershipExceptions = (
				Info.plist,
			);
			target = 980DB29A2D52FA2100602617 /* ZenTheaSource */;
		};
/* End PBXFileSystemSynchronizedBuildFileExceptionSet section */

/* Begin PBXFileSystemSynchronizedRootGroup section */
		980DB29D2D52FA2100602617 /* ZenTheaSource */ = {
			isa = PBXFileSystemSynchronizedRootGroup;
			exceptions = (
				980DB2C62D52FA2300602617 /* Exceptions for "ZenTheaSource" folder in "ZenTheaSource" target */,
			);
			path = ZenTheaSource;
			sourceTree = "<group>";
		};
		980DB2B72D52FA2300602617 /* ZenTheaSourceTests */ = {
			isa = PBXFileSystemSynchronizedRootGroup;
			path = ZenTheaSourceTests;
			sourceTree = "<group>";
		};
		980DB2C12D52FA2300602617 /* ZenTheaSourceUITests */ = {
			isa = PBXFileSystemSynchronizedRootGroup;
			path = ZenTheaSourceUITests;
			sourceTree = "<group>";
		};
/* End PBXFileSystemSynchronizedRootGroup section */

/* Begin PBXFrameworksBuildPhase section */
		980DB2982D52FA2100602617 /* Frameworks */ = {
			isa = PBXFrameworksBuildPhase;
			buildActionMask = 2147483647;
			files = (
			);
			runOnlyForDeploymentPostprocessing = 0;
		};
		980DB2B12D52FA2300602617 /* Frameworks */ = {
			isa = PBXFrameworksBuildPhase;
			buildActionMask = 2147483647;
			files = (
			);
			runOnlyForDeploymentPostprocessing = 0;
		};
		980DB2BB2D52FA2300602617 /* Frameworks */ = {
			isa = PBXFrameworksBuildPhase;
			buildActionMask = 2147483647;
			files = (
			);
			runOnlyForDeploymentPostprocessing = 0;
		};
/* End PBXFrameworksBuildPhase section */

/* Begin PBXGroup section */
		980DB2922D52FA2100602617 = {
			isa = PBXGroup;
			children = (
				980DB29D2D52FA2100602617 /* ZenTheaSource */,
				980DB2B72D52FA2300602617 /* ZenTheaSourceTests */,
				980DB2C12D52FA2300602617 /* ZenTheaSourceUITests */,
				980DB29C2D52FA2100602617 /* Products */,
			);
			sourceTree = "<group>";
		};
		980DB29C2D52FA2100602617 /* Products */ = {
			isa = PBXGroup;
			children = (
				980DB29B2D52FA2100602617 /* ZenTheaSource.app */,
				980DB2B42D52FA2300602617 /* ZenTheaSourceTests.xctest */,
				980DB2BE2D52FA2300602617 /* ZenTheaSourceUITests.xctest */,
			);
			name = Products;
			sourceTree = "<group>";
		};
/* End PBXGroup section */

/* Begin PBXNativeTarget section */
		980DB29A2D52FA2100602617 /* ZenTheaSource */ = {
			isa = PBXNativeTarget;
			buildConfigurationList = 980DB2C72D52FA2300602617 /* Build configuration list for PBXNativeTarget "ZenTheaSource" */;
			buildPhases = (
				980DB2972D52FA2100602617 /* Sources */,
				980DB2982D52FA2100602617 /* Frameworks */,
				980DB2992D52FA2100602617 /* Resources */,
			);
			buildRules = (
			);
			dependencies = (
			);
			fileSystemSynchronizedGroups = (
				980DB29D2D52FA2100602617 /* ZenTheaSource */,
			);
			name = ZenTheaSource;
			packageProductDependencies = (
			);
			productName = ZenTheaSource;
			productReference = 980DB29B2D52FA2100602617 /* ZenTheaSource.app */;
			productType = "com.apple.product-type.application";
		};
		980DB2B32D52FA2300602617 /* ZenTheaSourceTests */ = {
			isa = PBXNativeTarget;
			buildConfigurationList = 980DB2CC2D52FA2300602617 /* Build configuration list for PBXNativeTarget "ZenTheaSourceTests" */;
			buildPhases = (
				980DB2B02D52FA2300602617 /* Sources */,
				980DB2B12D52FA2300602617 /* Frameworks */,
				980DB2B22D52FA2300602617 /* Resources */,
			);
			buildRules = (
			);
			dependencies = (
				980DB2B62D52FA2300602617 /* PBXTargetDependency */,
			);
			fileSystemSynchronizedGroups = (
				980DB2B72D52FA2300602617 /* ZenTheaSourceTests */,
			);
			name = ZenTheaSourceTests;
			packageProductDependencies = (
			);
			productName = ZenTheaSourceTests;
			productReference = 980DB2B42D52FA2300602617 /* ZenTheaSourceTests.xctest */;
			productType = "com.apple.product-type.bundle.unit-test";
		};
		980DB2BD2D52FA2300602617 /* ZenTheaSourceUITests */ = {
			isa = PBXNativeTarget;
			buildConfigurationList = 980DB2CF2D52FA2300602617 /* Build configuration list for PBXNativeTarget "ZenTheaSourceUITests" */;
			buildPhases = (
				980DB2BA2D52FA2300602617 /* Sources */,
				980DB2BB2D52FA2300602617 /* Frameworks */,
				980DB2BC2D52FA2300602617 /* Resources */,
			);
			buildRules = (
			);
			dependencies = (
				980DB2C02D52FA2300602617 /* PBXTargetDependency */,
			);
			fileSystemSynchronizedGroups = (
				980DB2C12D52FA2300602617 /* ZenTheaSourceUITests */,
			);
			name = ZenTheaSourceUITests;
			packageProductDependencies = (
			);
			productName = ZenTheaSourceUITests;
			productReference = 980DB2BE2D52FA2300602617 /* ZenTheaSourceUITests.xctest */;
			productType = "com.apple.product-type.bundle.ui-testing";
		};
/* End PBXNativeTarget section */

/* Begin PBXProject section */
		980DB2932D52FA2100602617 /* Project object */ = {
			isa = PBXProject;
			attributes = {
				BuildIndependentTargetsInParallel = 1;
				LastSwiftUpdateCheck = 1620;
				LastUpgradeCheck = 1620;
				TargetAttributes = {
					980DB29A2D52FA2100602617 = {
						CreatedOnToolsVersion = 16.2;
					};
					980DB2B32D52FA2300602617 = {
						CreatedOnToolsVersion = 16.2;
						TestTargetID = 980DB29A2D52FA2100602617;
					};
					980DB2BD2D52FA2300602617 = {
						CreatedOnToolsVersion = 16.2;
						TestTargetID = 980DB29A2D52FA2100602617;
					};
				};
			};
			buildConfigurationList = 980DB2962D52FA2100602617 /* Build configuration list for PBXProject "ZenTheaSource" */;
			developmentRegion = en;
			hasScannedForEncodings = 0;
			knownRegions = (
				en,
				Base,
			);
			mainGroup = 980DB2922D52FA2100602617;
			minimizedProjectReferenceProxies = 1;
			preferredProjectObjectVersion = 77;
			productRefGroup = 980DB29C2D52FA2100602617 /* Products */;
			projectDirPath = "";
			projectRoot = "";
			targets = (
				980DB29A2D52FA2100602617 /* ZenTheaSource */,
				980DB2B32D52FA2300602617 /* ZenTheaSourceTests */,
				980DB2BD2D52FA2300602617 /* ZenTheaSourceUITests */,
			);
		};
/* End PBXProject section */

/* Begin PBXResourcesBuildPhase section */
		980DB2992D52FA2100602617 /* Resources */ = {
			isa = PBXResourcesBuildPhase;
			buildActionMask = 2147483647;
			files = (
			);
			runOnlyForDeploymentPostprocessing = 0;
		};
		980DB2B22D52FA2300602617 /* Resources */ = {
			isa = PBXResourcesBuildPhase;
			buildActionMask = 2147483647;
			files = (
			);
			runOnlyForDeploymentPostprocessing = 0;
		};
		980DB2BC2D52FA2300602617 /* Resources */ = {
			isa = PBXResourcesBuildPhase;
			buildActionMask = 2147483647;
			files = (
			);
			runOnlyForDeploymentPostprocessing = 0;
		};
/* End PBXResourcesBuildPhase section */

/* Begin PBXSourcesBuildPhase section */
		980DB2972D52FA2100602617 /* Sources */ = {
			isa = PBXSourcesBuildPhase;
			buildActionMask = 2147483647;
			files = (
			);
			runOnlyForDeploymentPostprocessing = 0;
		};
		980DB2B02D52FA2300602617 /* Sources */ = {
			isa = PBXSourcesBuildPhase;
			buildActionMask = 2147483647;
			files = (
			);
			runOnlyForDeploymentPostprocessing = 0;
		};
		980DB2BA2D52FA2300602617 /* Sources */ = {
			isa = PBXSourcesBuildPhase;
			buildActionMask = 2147483647;
			files = (
			);
			runOnlyForDeploymentPostprocessing = 0;
		};
/* End PBXSourcesBuildPhase section */

/* Begin PBXTargetDependency section */
		980DB2B62D52FA2300602617 /* PBXTargetDependency */ = {
			isa = PBXTargetDependency;
			target = 980DB29A2D52FA2100602617 /* ZenTheaSource */;
			targetProxy = 980DB2B52D52FA2300602617 /* PBXContainerItemProxy */;
		};
		980DB2C02D52FA2300602617 /* PBXTargetDependency */ = {
			isa = PBXTargetDependency;
			target = 980DB29A2D52FA2100602617 /* ZenTheaSource */;
			targetProxy = 980DB2BF2D52FA2300602617 /* PBXContainerItemProxy */;
		};
/* End PBXTargetDependency section */

/* Begin XCBuildConfiguration section */
		980DB2C82D52FA2300602617 /* Debug */ = {
			isa = XCBuildConfiguration;
			buildSettings = {
				ASSETCATALOG_COMPILER_APPICON_NAME = AppIcon;
				ASSETCATALOG_COMPILER_GLOBAL_ACCENT_COLOR_NAME = AccentColor;
				CODE_SIGN_STYLE = Automatic;
				CURRENT_PROJECT_VERSION = 1;
				GENERATE_INFOPLIST_FILE = YES;
				INFOPLIST_FILE = ZenTheaSource/Info.plist;
				INFOPLIST_KEY_UIApplicationSupportsIndirectInputEvents = YES;
				INFOPLIST_KEY_UILaunchStoryboardName = LaunchScreen;
				INFOPLIST_KEY_UIMainStoryboardFile = Main;
				INFOPLIST_KEY_UISupportedInterfaceOrientations_iPad = "UIInterfaceOrientationPortrait UIInterfaceOrientationPortraitUpsideDown UIInterfaceOrientationLandscapeLeft UIInterfaceOrientationLandscapeRight";
				INFOPLIST_KEY_UISupportedInterfaceOrientations_iPhone = "UIInterfaceOrientationPortrait UIInterfaceOrientationLandscapeLeft UIInterfaceOrientationLandscapeRight";
				LD_RUNPATH_SEARCH_PATHS = (
					"$(inherited)",
					"@executable_path/Frameworks",
				);
				MARKETING_VERSION = 1.0;
				PRODUCT_BUNDLE_IDENTIFIER = l3nec.ZenTheaSource;
				PRODUCT_NAME = "$(TARGET_NAME)";
				SWIFT_EMIT_LOC_STRINGS = YES;
				SWIFT_VERSION = 5.0;
				TARGETED_DEVICE_FAMILY = "1,2";
			};
			name = Debug;
		};
		980DB2C92D52FA2300602617 /* Release */ = {
			isa = XCBuildConfiguration;
			buildSettings = {
				ASSETCATALOG_COMPILER_APPICON_NAME = AppIcon;
				ASSETCATALOG_COMPILER_GLOBAL_ACCENT_COLOR_NAME = AccentColor;
				CODE_SIGN_STYLE = Automatic;
				CURRENT_PROJECT_VERSION = 1;
				GENERATE_INFOPLIST_FILE = YES;
				INFOPLIST_FILE = ZenTheaSource/Info.plist;
				INFOPLIST_KEY_UIApplicationSupportsIndirectInputEvents = YES;
				INFOPLIST_KEY_UILaunchStoryboardName = LaunchScreen;
				INFOPLIST_KEY_UIMainStoryboardFile = Main;
				INFOPLIST_KEY_UISupportedInterfaceOrientations_iPad = "UIInterfaceOrientationPortrait UIInterfaceOrientationPortraitUpsideDown UIInterfaceOrientationLandscapeLeft UIInterfaceOrientationLandscapeRight";
				INFOPLIST_KEY_UISupportedInterfaceOrientations_iPhone = "UIInterfaceOrientationPortrait UIInterfaceOrientationLandscapeLeft UIInterfaceOrientationLandscapeRight";
				LD_RUNPATH_SEARCH_PATHS = (
					"$(inherited)",
					"@executable_path/Frameworks",
				);
				MARKETING_VERSION = 1.0;
				PRODUCT_BUNDLE_IDENTIFIER = l3nec.ZenTheaSource;
				PRODUCT_NAME = "$(TARGET_NAME)";
				SWIFT_EMIT_LOC_STRINGS = YES;
				SWIFT_VERSION = 5.0;
				TARGETED_DEVICE_FAMILY = "1,2";
			};
			name = Release;
		};
		980DB2CA2D52FA2300602617 /* Debug */ = {
			isa = XCBuildConfiguration;
			buildSettings = {
				ALWAYS_SEARCH_USER_PATHS = NO;
				ASSETCATALOG_COMPILER_GENERATE_SWIFT_ASSET_SYMBOL_EXTENSIONS = YES;
				CLANG_ANALYZER_NONNULL = YES;
				CLANG_ANALYZER_NUMBER_OBJECT_CONVERSION = YES_AGGRESSIVE;
				CLANG_CXX_LANGUAGE_STANDARD = "gnu++20";
				CLANG_ENABLE_MODULES = YES;
				CLANG_ENABLE_OBJC_ARC = YES;
				CLANG_ENABLE_OBJC_WEAK = YES;
				CLANG_WARN_BLOCK_CAPTURE_AUTORELEASING = YES;
				CLANG_WARN_BOOL_CONVERSION = YES;
				CLANG_WARN_COMMA = YES;
				CLANG_WARN_CONSTANT_CONVERSION = YES;
				CLANG_WARN_DEPRECATED_OBJC_IMPLEMENTATIONS = YES;
				CLANG_WARN_DIRECT_OBJC_ISA_USAGE = YES_ERROR;
				CLANG_WARN_DOCUMENTATION_COMMENTS = YES;
				CLANG_WARN_EMPTY_BODY = YES;
				CLANG_WARN_ENUM_CONVERSION = YES;
				CLANG_WARN_INFINITE_RECURSION = YES;
				CLANG_WARN_INT_CONVERSION = YES;
				CLANG_WARN_NON_LITERAL_NULL_CONVERSION = YES;
				CLANG_WARN_OBJC_IMPLICIT_RETAIN_SELF = YES;
				CLANG_WARN_OBJC_LITERAL_CONVERSION = YES;
				CLANG_WARN_OBJC_ROOT_CLASS = YES_ERROR;
				CLANG_WARN_QUOTED_INCLUDE_IN_FRAMEWORK_HEADER = YES;
				CLANG_WARN_RANGE_LOOP_ANALYSIS = YES;
				CLANG_WARN_STRICT_PROTOTYPES = YES;
				CLANG_WARN_SUSPICIOUS_MOVE = YES;
				CLANG_WARN_UNGUARDED_AVAILABILITY = YES_AGGRESSIVE;
				CLANG_WARN_UNREACHABLE_CODE = YES;
				CLANG_WARN__DUPLICATE_METHOD_MATCH = YES;
				COPY_PHASE_STRIP = NO;
				DEBUG_INFORMATION_FORMAT = dwarf;
				ENABLE_STRICT_OBJC_MSGSEND = YES;
				ENABLE_TESTABILITY = YES;
				ENABLE_USER_SCRIPT_SANDBOXING = YES;
				GCC_C_LANGUAGE_STANDARD = gnu17;
				GCC_DYNAMIC_NO_PIC = NO;
				GCC_NO_COMMON_BLOCKS = YES;
				GCC_OPTIMIZATION_LEVEL = 0;
				GCC_PREPROCESSOR_DEFINITIONS = (
					"DEBUG=1",
					"$(inherited)",
				);
				GCC_WARN_64_TO_32_BIT_CONVERSION = YES;
				GCC_WARN_ABOUT_RETURN_TYPE = YES_ERROR;
				GCC_WARN_UNDECLARED_SELECTOR = YES;
				GCC_WARN_UNINITIALIZED_AUTOS = YES_AGGRESSIVE;
				GCC_WARN_UNUSED_FUNCTION = YES;
				GCC_WARN_UNUSED_VARIABLE = YES;
				IPHONEOS_DEPLOYMENT_TARGET = 18.2;
				LOCALIZATION_PREFERS_STRING_CATALOGS = YES;
				MTL_ENABLE_DEBUG_INFO = INCLUDE_SOURCE;
				MTL_FAST_MATH = YES;
				ONLY_ACTIVE_ARCH = YES;
				SDKROOT = iphoneos;
				SWIFT_ACTIVE_COMPILATION_CONDITIONS = "DEBUG $(inherited)";
				SWIFT_OPTIMIZATION_LEVEL = "-Onone";
			};
			name = Debug;
		};
		980DB2CB2D52FA2300602617 /* Release */ = {
			isa = XCBuildConfiguration;
			buildSettings = {
				ALWAYS_SEARCH_USER_PATHS = NO;
				ASSETCATALOG_COMPILER_GENERATE_SWIFT_ASSET_SYMBOL_EXTENSIONS = YES;
				CLANG_ANALYZER_NONNULL = YES;
				CLANG_ANALYZER_NUMBER_OBJECT_CONVERSION = YES_AGGRESSIVE;
				CLANG_CXX_LANGUAGE_STANDARD = "gnu++20";
				CLANG_ENABLE_MODULES = YES;
				CLANG_ENABLE_OBJC_ARC = YES;
				CLANG_ENABLE_OBJC_WEAK = YES;
				CLANG_WARN_BLOCK_CAPTURE_AUTORELEASING = YES;
				CLANG_WARN_BOOL_CONVERSION = YES;
				CLANG_WARN_COMMA = YES;
				CLANG_WARN_CONSTANT_CONVERSION = YES;
				CLANG_WARN_DEPRECATED_OBJC_IMPLEMENTATIONS = YES;
				CLANG_WARN_DIRECT_OBJC_ISA_USAGE = YES_ERROR;
				CLANG_WARN_DOCUMENTATION_COMMENTS = YES;
				CLANG_WARN_EMPTY_BODY = YES;
				CLANG_WARN_ENUM_CONVERSION = YES;
				CLANG_WARN_INFINITE_RECURSION = YES;
				CLANG_WARN_INT_CONVERSION = YES;
				CLANG_WARN_NON_LITERAL_NULL_CONVERSION = YES;
				CLANG_WARN_OBJC_IMPLICIT_RETAIN_SELF = YES;
				CLANG_WARN_OBJC_LITERAL_CONVERSION = YES;
				CLANG_WARN_OBJC_ROOT_CLASS = YES_ERROR;
				CLANG_WARN_QUOTED_INCLUDE_IN_FRAMEWORK_HEADER = YES;
				CLANG_WARN_RANGE_LOOP_ANALYSIS = YES;
				CLANG_WARN_STRICT_PROTOTYPES = YES;
				CLANG_WARN_SUSPICIOUS_MOVE = YES;
				CLANG_WARN_UNGUARDED_AVAILABILITY = YES_AGGRESSIVE;
				CLANG_WARN_UNREACHABLE_CODE = YES;
				CLANG_WARN__DUPLICATE_METHOD_MATCH = YES;
				COPY_PHASE_STRIP = NO;
				DEBUG_INFORMATION_FORMAT = "dwarf-with-dsym";
				ENABLE_NS_ASSERTIONS = NO;
				ENABLE_STRICT_OBJC_MSGSEND = YES;
				ENABLE_USER_SCRIPT_SANDBOXING = YES;
				GCC_C_LANGUAGE_STANDARD = gnu17;
				GCC_NO_COMMON_BLOCKS = YES;
				GCC_WARN_64_TO_32_BIT_CONVERSION = YES;
				GCC_WARN_ABOUT_RETURN_TYPE = YES_ERROR;
				GCC_WARN_UNDECLARED_SELECTOR = YES;
				GCC_WARN_UNINITIALIZED_AUTOS = YES_AGGRESSIVE;
				GCC_WARN_UNUSED_FUNCTION = YES;
				GCC_WARN_UNUSED_VARIABLE = YES;
				IPHONEOS_DEPLOYMENT_TARGET = 18.2;
				LOCALIZATION_PREFERS_STRING_CATALOGS = YES;
				MTL_ENABLE_DEBUG_INFO = NO;
				MTL_FAST_MATH = YES;
				SDKROOT = iphoneos;
				SWIFT_COMPILATION_MODE = wholemodule;
				VALIDATE_PRODUCT = YES;
			};
			name = Release;
		};
		980DB2CD2D52FA2300602617 /* Debug */ = {
			isa = XCBuildConfiguration;
			buildSettings = {
				BUNDLE_LOADER = "$(TEST_HOST)";
				CODE_SIGN_STYLE = Automatic;
				CURRENT_PROJECT_VERSION = 1;
				GENERATE_INFOPLIST_FILE = YES;
				IPHONEOS_DEPLOYMENT_TARGET = 18.2;
				MARKETING_VERSION = 1.0;
				PRODUCT_BUNDLE_IDENTIFIER = l3nec.ZenTheaSourceTests;
				PRODUCT_NAME = "$(TARGET_NAME)";
				SWIFT_EMIT_LOC_STRINGS = NO;
				SWIFT_VERSION = 5.0;
				TARGETED_DEVICE_FAMILY = "1,2";
				TEST_HOST = "$(BUILT_PRODUCTS_DIR)/ZenTheaSource.app/$(BUNDLE_EXECUTABLE_FOLDER_PATH)/ZenTheaSource";
			};
			name = Debug;
		};
		980DB2CE2D52FA2300602617 /* Release */ = {
			isa = XCBuildConfiguration;
			buildSettings = {
				BUNDLE_LOADER = "$(TEST_HOST)";
				CODE_SIGN_STYLE = Automatic;
				CURRENT_PROJECT_VERSION = 1;
				GENERATE_INFOPLIST_FILE = YES;
				IPHONEOS_DEPLOYMENT_TARGET = 18.2;
				MARKETING_VERSION = 1.0;
				PRODUCT_BUNDLE_IDENTIFIER = l3nec.ZenTheaSourceTests;
				PRODUCT_NAME = "$(TARGET_NAME)";
				SWIFT_EMIT_LOC_STRINGS = NO;
				SWIFT_VERSION = 5.0;
				TARGETED_DEVICE_FAMILY = "1,2";
				TEST_HOST = "$(BUILT_PRODUCTS_DIR)/ZenTheaSource.app/$(BUNDLE_EXECUTABLE_FOLDER_PATH)/ZenTheaSource";
			};
			name = Release;
		};
		980DB2D02D52FA2300602617 /* Debug */ = {
			isa = XCBuildConfiguration;
			buildSettings = {
				CODE_SIGN_STYLE = Automatic;
				CURRENT_PROJECT_VERSION = 1;
				GENERATE_INFOPLIST_FILE = YES;
				MARKETING_VERSION = 1.0;
				PRODUCT_BUNDLE_IDENTIFIER = l3nec.ZenTheaSourceUITests;
				PRODUCT_NAME = "$(TARGET_NAME)";
				SWIFT_EMIT_LOC_STRINGS = NO;
				SWIFT_VERSION = 5.0;
				TARGETED_DEVICE_FAMILY = "1,2";
				TEST_TARGET_NAME = ZenTheaSource;
			};
			name = Debug;
		};
		980DB2D12D52FA2300602617 /* Release */ = {
			isa = XCBuildConfiguration;
			buildSettings = {
				CODE_SIGN_STYLE = Automatic;
				CURRENT_PROJECT_VERSION = 1;
				GENERATE_INFOPLIST_FILE = YES;
				MARKETING_VERSION = 1.0;
				PRODUCT_BUNDLE_IDENTIFIER = l3nec.ZenTheaSourceUITests;
				PRODUCT_NAME = "$(TARGET_NAME)";
				SWIFT_EMIT_LOC_STRINGS = NO;
				SWIFT_VERSION = 5.0;
				TARGETED_DEVICE_FAMILY = "1,2";
				TEST_TARGET_NAME = ZenTheaSource;
			};
			name = Release;
		};
/* End XCBuildConfiguration section */

/* Begin XCConfigurationList section */
		980DB2962D52FA2100602617 /* Build configuration list for PBXProject "ZenTheaSource" */ = {
			isa = XCConfigurationList;
			buildConfigurations = (
				980DB2CA2D52FA2300602617 /* Debug */,
				980DB2CB2D52FA2300602617 /* Release */,
			);
			defaultConfigurationIsVisible = 0;
			defaultConfigurationName = Release;
		};
		980DB2C72D52FA2300602617 /* Build configuration list for PBXNativeTarget "ZenTheaSource" */ = {
			isa = XCConfigurationList;
			buildConfigurations = (
				980DB2C82D52FA2300602617 /* Debug */,
				980DB2C92D52FA2300602617 /* Release */,
			);
			defaultConfigurationIsVisible = 0;
			defaultConfigurationName = Release;
		};
		980DB2CC2D52FA2300602617 /* Build configuration list for PBXNativeTarget "ZenTheaSourceTests" */ = {
			isa = XCConfigurationList;
			buildConfigurations = (
				980DB2CD2D52FA2300602617 /* Debug */,
				980DB2CE2D52FA2300602617 /* Release */,
			);
			defaultConfigurationIsVisible = 0;
			defaultConfigurationName = Release;
		};
		980DB2CF2D52FA2300602617 /* Build configuration list for PBXNativeTarget "ZenTheaSourceUITests" */ = {
			isa = XCConfigurationList;
			buildConfigurations = (
				980DB2D02D52FA2300602617 /* Debug */,
				980DB2D12D52FA2300602617 /* Release */,
			);
			defaultConfigurationIsVisible = 0;
			defaultConfigurationName = Release;
		};
/* End XCConfigurationList section */
	};
	rootObject = 980DB2932D52FA2100602617 /* Project object */;
}
